
Microsoft Visual Studio Solution File, Format Version 12.00
# Visual Studio Version 17
VisualStudioVersion = 17.9.34310.174
MinimumVisualStudioVersion = 10.0.40219.1
Project("{FAE04EC0-301F-11D3-BF4B-00C04F79EFBC}") = "Task_Backend", "Task_Backend\Task_Backend.csproj", "{B265B943-9349-42F1-A3FF-2992FB1679AE}"
EndProject
Global
	GlobalSection(SolutionConfigurationPlatforms) = preSolution
		Debug|Any CPU = Debug|Any CPU
		Release|Any CPU = Release|Any CPU
	EndGlobalSection
	GlobalSection(ProjectConfigurationPlatforms) = postSolution
		{B265B943-9349-42F1-A3FF-2992FB1679AE}.Debug|Any CPU.ActiveCfg = Debug|Any CPU
		{B265B943-9349-42F1-A3FF-2992FB1679AE}.Debug|Any CPU.Build.0 = Debug|Any CPU
		{B265B943-9349-42F1-A3FF-2992FB1679AE}.Release|Any CPU.ActiveCfg = Release|Any CPU
		{B265B943-9349-42F1-A3FF-2992FB1679AE}.Release|Any CPU.Build.0 = Release|Any CPU
	EndGlobalSection
	GlobalSection(SolutionProperties) = preSolution
		HideSolutionNode = FALSE
	EndGlobalSection
	GlobalSection(ExtensibilityGlobals) = postSolution
		SolutionGuid = {B9A2F511-1C5E-482C-938B-7AC9020281A6}
	EndGlobalSection
EndGlobal
